
Microsoft Visual Studio Solution File, Format Version 12.00
# Visual Studio 2013
VisualStudioVersion = 12.0.31101.0
MinimumVisualStudioVersion = 10.0.40219.1
Project("{FAE04EC0-301F-11D3-BF4B-00C04F79EFBC}") = "Rrd.Tfs.Plugins", "Rrd.Tfs.Plugins\Rrd.Tfs.Plugins.csproj", "{A3F38D21-F58F-48CE-9CD6-C0C3D2B527D4}"
EndProject
Project("{FAE04EC0-301F-11D3-BF4B-00C04F79EFBC}") = "Rrd.Tfs.BuildExtentions", "Rrd.Tfs.BuildExtentions\Rrd.Tfs.BuildExtentions.csproj", "{52F4AD54-97B2-4B5D-AFF3-3306E5006E85}"
EndProject
Project("{FAE04EC0-301F-11D3-BF4B-00C04F79EFBC}") = "ActivityLibraries", "ActivityLibraries\ActivityLibraries.csproj", "{46F83FDA-9B3B-481B-8363-D6F8B926C72D}"
EndProject
Global
	GlobalSection(TeamFoundationVersionControl) = preSolution
		SccNumberOfProjects = 4
		SccEnterpriseProvider = {4CA58AB2-18FA-4F8D-95D4-32DDF27D184C}
		SccTeamFoundationServer = http://tfs-dive.cloudapp.net:8080/tfs/defaultcollection
		SccLocalPath0 = .
		SccProjectUniqueName1 = Rrd.Tfs.Plugins\\Rrd.Tfs.Plugins.csproj
		SccProjectName1 = Rrd.Tfs.Plugins
		SccLocalPath1 = Rrd.Tfs.Plugins
		SccProjectUniqueName2 = Rrd.Tfs.BuildExtentions\\Rrd.Tfs.BuildExtentions.csproj
		SccProjectName2 = Rrd.Tfs.BuildExtentions
		SccLocalPath2 = Rrd.Tfs.BuildExtentions
		SccProjectUniqueName3 = ActivityLibraries\\ActivityLibraries.csproj
		SccProjectName3 = ActivityLibraries
		SccLocalPath3 = ActivityLibraries
	EndGlobalSection
	GlobalSection(SolutionConfigurationPlatforms) = preSolution
		Debug|Any CPU = Debug|Any CPU
		Release|Any CPU = Release|Any CPU
	EndGlobalSection
	GlobalSection(ProjectConfigurationPlatforms) = postSolution
		{A3F38D21-F58F-48CE-9CD6-C0C3D2B527D4}.Debug|Any CPU.ActiveCfg = Debug|Any CPU
		{A3F38D21-F58F-48CE-9CD6-C0C3D2B527D4}.Debug|Any CPU.Build.0 = Debug|Any CPU
		{A3F38D21-F58F-48CE-9CD6-C0C3D2B527D4}.Release|Any CPU.ActiveCfg = Release|Any CPU
		{A3F38D21-F58F-48CE-9CD6-C0C3D2B527D4}.Release|Any CPU.Build.0 = Release|Any CPU
		{52F4AD54-97B2-4B5D-AFF3-3306E5006E85}.Debug|Any CPU.ActiveCfg = Debug|Any CPU
		{52F4AD54-97B2-4B5D-AFF3-3306E5006E85}.Debug|Any CPU.Build.0 = Debug|Any CPU
		{52F4AD54-97B2-4B5D-AFF3-3306E5006E85}.Release|Any CPU.ActiveCfg = Release|Any CPU
		{52F4AD54-97B2-4B5D-AFF3-3306E5006E85}.Release|Any CPU.Build.0 = Release|Any CPU
		{46F83FDA-9B3B-481B-8363-D6F8B926C72D}.Debug|Any CPU.ActiveCfg = Debug|Any CPU
		{46F83FDA-9B3B-481B-8363-D6F8B926C72D}.Debug|Any CPU.Build.0 = Debug|Any CPU
		{46F83FDA-9B3B-481B-8363-D6F8B926C72D}.Release|Any CPU.ActiveCfg = Release|Any CPU
		{46F83FDA-9B3B-481B-8363-D6F8B926C72D}.Release|Any CPU.Build.0 = Release|Any CPU
	EndGlobalSection
	GlobalSection(SolutionProperties) = preSolution
		HideSolutionNode = FALSE
	EndGlobalSection
EndGlobal
